# Generated by pub
# See https://dart.dev/tools/pub/glossary#lockfile
packages:
  _fe_analyzer_shared:
    dependency: transitive
    description:
      name: _fe_analyzer_shared
      url: "http://pub.alibaba-inc.com"
    source: hosted
    version: "1.0.3"
  analyzer:
    dependency: transitive
    description:
      name: analyzer
      url: "http://pub.alibaba-inc.com"
    source: hosted
    version: "0.39.4"
  ansicolor:
    dependency: "direct dev"
    description:
      name: ansicolor
      url: "http://pub.alibaba-inc.com"
    source: hosted
    version: "1.0.2"
  archive:
    dependency: transitive
    description:
      name: archive
      url: "http://pub.alibaba-inc.com"
    source: hosted
    version: "2.0.11"
  args:
    dependency: transitive
    description:
      name: args
      url: "http://pub.alibaba-inc.com"
    source: hosted
    version: "1.5.2"
  async:
    dependency: transitive
    description:
      name: async
      url: "http://pub.alibaba-inc.com"
    source: hosted
    version: "2.4.0"
  boolean_selector:
    dependency: transitive
    description:
      name: boolean_selector
      url: "http://pub.alibaba-inc.com"
    source: hosted
    version: "1.0.5"
  charcode:
    dependency: transitive
    description:
      name: charcode
      url: "http://pub.alibaba-inc.com"
    source: hosted
    version: "1.1.2"
  collection:
    dependency: transitive
    description:
      name: collection
      url: "http://pub.alibaba-inc.com"
    source: hosted
    version: "1.14.11"
  colorize:
    dependency: "direct main"
    description:
      name: colorize
      url: "http://pub.alibaba-inc.com"
    source: hosted
    version: "2.0.0"
  connectivity:
    dependency: transitive
    description:
      name: connectivity
      url: "http://pub.alibaba-inc.com"
    source: hosted
    version: "0.4.8+2"
  connectivity_macos:
    dependency: transitive
    description:
      name: connectivity_macos
      url: "http://pub.alibaba-inc.com"
    source: hosted
    version: "0.1.0+2"
  connectivity_platform_interface:
    dependency: transitive
    description:
      name: connectivity_platform_interface
      url: "http://pub.alibaba-inc.com"
    source: hosted
    version: "1.0.3"
  convert:
    dependency: transitive
    description:
      name: convert
      url: "http://pub.alibaba-inc.com"
    source: hosted
    version: "2.1.1"
  cookie_jar:
    dependency: transitive
    description:
      name: cookie_jar
      url: "http://pub.alibaba-inc.com"
    source: hosted
    version: "1.0.1"
  coverage:
    dependency: transitive
    description:
      name: coverage
      url: "http://pub.alibaba-inc.com"
    source: hosted
    version: "0.13.9"
  crypto:
    dependency: transitive
    description:
      name: crypto
      url: "http://pub.alibaba-inc.com"
    source: hosted
    version: "2.1.3"
  csslib:
    dependency: transitive
    description:
      name: csslib
      url: "http://pub.alibaba-inc.com"
    source: hosted
    version: "0.16.1"
  device_info:
    dependency: transitive
    description:
      name: device_info
      url: "http://pub.alibaba-inc.com"
    source: hosted
    version: "0.4.2+1"
  dio:
    dependency: transitive
    description:
      name: dio
      url: "http://pub.alibaba-inc.com"
    source: hosted
    version: "2.2.2"
  event_bus:
    dependency: transitive
    description:
      name: event_bus
      url: "http://pub.alibaba-inc.com"
    source: hosted
    version: "1.1.1"
  ffi:
    dependency: "direct main"
    description:
      name: ffi
      url: "http://pub.alibaba-inc.com"
    source: hosted
    version: "0.1.3"
  file:
    dependency: transitive
    description:
      name: file
      url: "http://pub.alibaba-inc.com"
    source: hosted
    version: "5.1.0"
  flare_dart:
    dependency: transitive
    description:
      name: flare_dart
      url: "http://pub.alibaba-inc.com"
    source: hosted
    version: "2.3.3"
  flare_flutter:
    dependency: transitive
    description:
      name: flare_flutter
      url: "http://pub.alibaba-inc.com"
    source: hosted
    version: "2.0.1"
  flutter:
    dependency: "direct main"
    description: flutter
    source: sdk
    version: "0.0.0"
  flutter_driver:
    dependency: "direct dev"
    description: flutter
    source: sdk
    version: "0.0.0"
  flutter_test:
    dependency: "direct dev"
    description: flutter
    source: sdk
    version: "0.0.0"
  flutter_web_plugins:
    dependency: transitive
    description: flutter
    source: sdk
    version: "0.0.0"
  fuchsia_remote_debug_protocol:
    dependency: transitive
    description: flutter
    source: sdk
    version: "0.0.0"
  glob:
    dependency: transitive
    description:
      name: glob
      url: "http://pub.alibaba-inc.com"
    source: hosted
    version: "1.2.0"
  hex:
    dependency: transitive
    description:
      name: hex
      url: "http://pub.alibaba-inc.com"
    source: hosted
    version: "0.1.2"
  html:
    dependency: transitive
    description:
      name: html
      url: "http://pub.alibaba-inc.com"
    source: hosted
    version: "0.14.0+3"
  http:
    dependency: transitive
    description:
      name: http
      url: "http://pub.alibaba-inc.com"
    source: hosted
    version: "0.12.0+4"
  http_multi_server:
    dependency: transitive
    description:
      name: http_multi_server
      url: "http://pub.alibaba-inc.com"
    source: hosted
    version: "2.2.0"
  http_parser:
    dependency: transitive
    description:
      name: http_parser
      url: "http://pub.alibaba-inc.com"
    source: hosted
    version: "3.1.3"
  image:
    dependency: transitive
    description:
      name: image
      url: "http://pub.alibaba-inc.com"
    source: hosted
    version: "2.1.4"
  intl:
    dependency: transitive
    description:
      name: intl
      url: "http://pub.alibaba-inc.com"
    source: hosted
    version: "0.16.1"
  io:
    dependency: transitive
    description:
      name: io
      url: "http://pub.alibaba-inc.com"
    source: hosted
    version: "0.3.3"
  js:
    dependency: transitive
    description:
      name: js
      url: "http://pub.alibaba-inc.com"
    source: hosted
    version: "0.6.1+1"
  json_rpc_2:
    dependency: transitive
    description:
      name: json_rpc_2
      url: "http://pub.alibaba-inc.com"
    source: hosted
    version: "2.1.0"
  kraken:
    dependency: "direct main"
    description:
      path: "../kraken"
      relative: true
    source: path
    version: "0.3.0+2"
  kraken_audioplayers:
    dependency: "direct overridden"
    description:
      path: "../plugins/kraken_audioplayers"
      relative: true
    source: path
    version: "0.1.0"
  kraken_camera:
    dependency: "direct overridden"
    description:
      path: "../plugins/kraken_camera"
      relative: true
    source: path
    version: "0.1.0+1"
  kraken_geolocation:
    dependency: "direct overridden"
    description:
      path: "../plugins/kraken_geolocation"
      relative: true
    source: path
    version: "0.1.0"
  kraken_video_player:
    dependency: "direct overridden"
    description:
      path: "../plugins/kraken_video_player"
      relative: true
    source: path
    version: "0.1.0"
  kraken_webview:
    dependency: "direct overridden"
    description:
      path: "../plugins/kraken_webview"
      relative: true
    source: path
    version: "0.1.0+1"
  logging:
    dependency: transitive
    description:
      name: logging
      url: "http://pub.alibaba-inc.com"
    source: hosted
    version: "0.11.4"
  matcher:
    dependency: transitive
    description:
      name: matcher
      url: "http://pub.alibaba-inc.com"
    source: hosted
    version: "0.12.6"
  meta:
    dependency: transitive
    description:
      name: meta
      url: "http://pub.alibaba-inc.com"
    source: hosted
    version: "1.1.8"
  mime:
    dependency: transitive
    description:
      name: mime
      url: "http://pub.alibaba-inc.com"
    source: hosted
    version: "0.9.6+3"
  mqtt_client:
    dependency: transitive
    description:
      name: mqtt_client
      url: "http://pub.alibaba-inc.com"
    source: hosted
    version: "6.0.0"
  multi_server_socket:
    dependency: transitive
    description:
      name: multi_server_socket
      url: "http://pub.alibaba-inc.com"
    source: hosted
    version: "1.0.2"
  node_interop:
    dependency: transitive
    description:
      name: node_interop
      url: "http://pub.alibaba-inc.com"
    source: hosted
    version: "1.0.3"
  node_io:
    dependency: transitive
    description:
      name: node_io
      url: "http://pub.alibaba-inc.com"
    source: hosted
    version: "1.0.1+2"
  node_preamble:
    dependency: transitive
    description:
      name: node_preamble
      url: "http://pub.alibaba-inc.com"
    source: hosted
    version: "1.4.8"
  package_config:
    dependency: transitive
    description:
      name: package_config
      url: "http://pub.alibaba-inc.com"
    source: hosted
    version: "1.9.2"
  package_resolver:
    dependency: transitive
    description:
      name: package_resolver
      url: "http://pub.alibaba-inc.com"
    source: hosted
    version: "1.0.10"
  path:
    dependency: transitive
    description:
      name: path
      url: "http://pub.alibaba-inc.com"
    source: hosted
    version: "1.6.4"
  path_provider:
    dependency: transitive
    description:
      name: path_provider
      url: "http://pub.alibaba-inc.com"
    source: hosted
    version: "1.6.6"
  path_provider_macos:
    dependency: transitive
    description:
      name: path_provider_macos
      url: "http://pub.alibaba-inc.com"
    source: hosted
    version: "0.0.4"
  path_provider_platform_interface:
    dependency: transitive
    description:
      name: path_provider_platform_interface
      url: "http://pub.alibaba-inc.com"
    source: hosted
    version: "1.0.1"
  pedantic:
    dependency: transitive
    description:
      name: pedantic
      url: "http://pub.alibaba-inc.com"
    source: hosted
    version: "1.8.0+1"
  petitparser:
    dependency: transitive
    description:
      name: petitparser
      url: "http://pub.alibaba-inc.com"
    source: hosted
    version: "2.4.0"
  platform:
    dependency: transitive
    description:
      name: platform
      url: "http://pub.alibaba-inc.com"
    source: hosted
    version: "2.2.1"
  plugin_platform_interface:
    dependency: transitive
    description:
      name: plugin_platform_interface
      url: "http://pub.alibaba-inc.com"
    source: hosted
    version: "1.0.2"
  pool:
    dependency: transitive
    description:
      name: pool
      url: "http://pub.alibaba-inc.com"
    source: hosted
    version: "1.4.0"
  process:
    dependency: transitive
    description:
      name: process
      url: "http://pub.alibaba-inc.com"
    source: hosted
    version: "3.0.12"
  pub_semver:
    dependency: transitive
    description:
      name: pub_semver
      url: "http://pub.alibaba-inc.com"
    source: hosted
    version: "1.4.2"
  quiver:
    dependency: transitive
    description:
      name: quiver
      url: "http://pub.alibaba-inc.com"
    source: hosted
    version: "2.0.5"
  requests:
    dependency: transitive
    description:
      name: requests
      url: "http://pub.alibaba-inc.com"
    source: hosted
    version: "3.1.0"
  shared_preferences:
    dependency: transitive
    description:
      name: shared_preferences
      url: "http://pub.alibaba-inc.com"
    source: hosted
    version: "0.5.6+3"
  shared_preferences_macos:
    dependency: transitive
    description:
      name: shared_preferences_macos
      url: "http://pub.alibaba-inc.com"
    source: hosted
    version: "0.0.1+6"
  shared_preferences_platform_interface:
    dependency: transitive
    description:
      name: shared_preferences_platform_interface
      url: "http://pub.alibaba-inc.com"
    source: hosted
    version: "1.0.3"
  shared_preferences_web:
    dependency: transitive
    description:
      name: shared_preferences_web
      url: "http://pub.alibaba-inc.com"
    source: hosted
    version: "0.1.2+4"
  shelf:
    dependency: transitive
    description:
      name: shelf
      url: "http://pub.alibaba-inc.com"
    source: hosted
    version: "0.7.5"
  shelf_packages_handler:
    dependency: transitive
    description:
      name: shelf_packages_handler
      url: "http://pub.alibaba-inc.com"
    source: hosted
    version: "1.0.4"
  shelf_static:
    dependency: transitive
    description:
      name: shelf_static
      url: "http://pub.alibaba-inc.com"
    source: hosted
    version: "0.2.8"
  shelf_web_socket:
    dependency: transitive
    description:
      name: shelf_web_socket
      url: "http://pub.alibaba-inc.com"
    source: hosted
    version: "0.2.3"
  sky_engine:
    dependency: transitive
    description: flutter
    source: sdk
    version: "0.0.99"
  source_map_stack_trace:
    dependency: transitive
    description:
      name: source_map_stack_trace
      url: "http://pub.alibaba-inc.com"
    source: hosted
    version: "1.1.5"
  source_maps:
    dependency: transitive
    description:
      name: source_maps
      url: "http://pub.alibaba-inc.com"
    source: hosted
    version: "0.10.9"
  source_span:
    dependency: transitive
    description:
      name: source_span
      url: "http://pub.alibaba-inc.com"
    source: hosted
    version: "1.5.5"
  stack_trace:
    dependency: transitive
    description:
      name: stack_trace
      url: "http://pub.alibaba-inc.com"
    source: hosted
    version: "1.9.3"
  stream_channel:
    dependency: transitive
    description:
      name: stream_channel
      url: "http://pub.alibaba-inc.com"
    source: hosted
    version: "2.0.0"
  string_scanner:
    dependency: transitive
    description:
      name: string_scanner
      url: "http://pub.alibaba-inc.com"
    source: hosted
    version: "1.0.5"
  sync_http:
    dependency: transitive
    description:
      name: sync_http
      url: "http://pub.alibaba-inc.com"
    source: hosted
    version: "0.1.4"
  term_glyph:
    dependency: transitive
    description:
      name: term_glyph
      url: "http://pub.alibaba-inc.com"
    source: hosted
    version: "1.1.0"
  test:
    dependency: "direct dev"
    description:
      name: test
      url: "http://pub.alibaba-inc.com"
    source: hosted
    version: "1.9.4"
  test_api:
    dependency: transitive
    description:
      name: test_api
      url: "http://pub.alibaba-inc.com"
    source: hosted
    version: "0.2.11"
  test_core:
    dependency: transitive
    description:
      name: test_core
      url: "http://pub.alibaba-inc.com"
    source: hosted
    version: "0.2.15"
  typed_data:
    dependency: transitive
    description:
      name: typed_data
      url: "http://pub.alibaba-inc.com"
    source: hosted
    version: "1.1.6"
  uuid:
    dependency: transitive
    description:
      name: uuid
      url: "http://pub.alibaba-inc.com"
    source: hosted
    version: "2.0.4"
  vector_math:
    dependency: transitive
    description:
      name: vector_math
      url: "http://pub.alibaba-inc.com"
    source: hosted
    version: "2.0.8"
  video_player_platform_interface:
    dependency: transitive
    description:
      name: video_player_platform_interface
      url: "http://pub.alibaba-inc.com"
    source: hosted
    version: "1.0.5"
  vm_service:
    dependency: transitive
    description:
      name: vm_service
      url: "http://pub.alibaba-inc.com"
    source: hosted
    version: "2.3.1"
  vm_service_client:
    dependency: transitive
    description:
      name: vm_service_client
      url: "http://pub.alibaba-inc.com"
    source: hosted
    version: "0.2.6+2"
  watcher:
    dependency: transitive
    description:
      name: watcher
      url: "http://pub.alibaba-inc.com"
    source: hosted
    version: "0.9.7+14"
  web_socket_channel:
    dependency: transitive
    description:
      name: web_socket_channel
      url: "http://pub.alibaba-inc.com"
    source: hosted
    version: "1.1.0"
  webdriver:
    dependency: transitive
    description:
      name: webdriver
      url: "http://pub.alibaba-inc.com"
    source: hosted
    version: "2.1.1"
  xml:
    dependency: transitive
    description:
      name: xml
      url: "http://pub.alibaba-inc.com"
    source: hosted
    version: "3.5.0"
  yaml:
    dependency: transitive
    description:
      name: yaml
      url: "http://pub.alibaba-inc.com"
    source: hosted
    version: "2.2.0"
sdks:
  dart: ">=2.7.0 <3.0.0"
  flutter: ">=1.12.13+hotfix.5 <2.0.0"
